
Microsoft Visual Studio Solution File, Format Version 12.00
# Visual Studio Version 17
VisualStudioVersion = 17.0.31919.166
MinimumVisualStudioVersion = 10.0.40219.1
Project("{FAE04EC0-301F-11D3-BF4B-00C04F79EFBC}") = "ProyectoUDP", "ProyectoUDP\ProyectoUDP.csproj", "{E352429F-9131-446F-A7D5-B4B135AF4A93}"
EndProject
Project("{FAE04EC0-301F-11D3-BF4B-00C04F79EFBC}") = "ServidorUDP", "ServidorUDP\ServidorUDP.csproj", "{06D6DC96-4256-4457-9AC9-29AEF1EDBFEF}"
EndProject
Global
	GlobalSection(SolutionConfigurationPlatforms) = preSolution
		Debug|Any CPU = Debug|Any CPU
		Release|Any CPU = Release|Any CPU
	EndGlobalSection
	GlobalSection(ProjectConfigurationPlatforms) = postSolution
		{E352429F-9131-446F-A7D5-B4B135AF4A93}.Debug|Any CPU.ActiveCfg = Debug|Any CPU
		{E352429F-9131-446F-A7D5-B4B135AF4A93}.Debug|Any CPU.Build.0 = Debug|Any CPU
		{E352429F-9131-446F-A7D5-B4B135AF4A93}.Release|Any CPU.ActiveCfg = Release|Any CPU
		{E352429F-9131-446F-A7D5-B4B135AF4A93}.Release|Any CPU.Build.0 = Release|Any CPU
		{06D6DC96-4256-4457-9AC9-29AEF1EDBFEF}.Debug|Any CPU.ActiveCfg = Debug|Any CPU
		{06D6DC96-4256-4457-9AC9-29AEF1EDBFEF}.Debug|Any CPU.Build.0 = Debug|Any CPU
		{06D6DC96-4256-4457-9AC9-29AEF1EDBFEF}.Release|Any CPU.ActiveCfg = Release|Any CPU
		{06D6DC96-4256-4457-9AC9-29AEF1EDBFEF}.Release|Any CPU.Build.0 = Release|Any CPU
	EndGlobalSection
	GlobalSection(SolutionProperties) = preSolution
		HideSolutionNode = FALSE
	EndGlobalSection
	GlobalSection(ExtensibilityGlobals) = postSolution
		SolutionGuid = {CBC08CD6-AA6D-463D-BAAD-84CB9CD1AF51}
	EndGlobalSection
EndGlobal
